
Microsoft Visual Studio Solution File, Format Version 12.00
# Visual Studio Version 17
VisualStudioVersion = 17.11.35327.3
MinimumVisualStudioVersion = 10.0.40219.1
Project("{FAE04EC0-301F-11D3-BF4B-00C04F79EFBC}") = "Assessment3", "Assessment3.csproj", "{2738649E-385F-4FF3-9F6A-09780FCBD779}"
EndProject
Global
	GlobalSection(SolutionConfigurationPlatforms) = preSolution
		Debug|Any CPU = Debug|Any CPU
		Release|Any CPU = Release|Any CPU
	EndGlobalSection
	GlobalSection(ProjectConfigurationPlatforms) = postSolution
		{2738649E-385F-4FF3-9F6A-09780FCBD779}.Debug|Any CPU.ActiveCfg = Debug|Any CPU
		{2738649E-385F-4FF3-9F6A-09780FCBD779}.Debug|Any CPU.Build.0 = Debug|Any CPU
		{2738649E-385F-4FF3-9F6A-09780FCBD779}.Release|Any CPU.ActiveCfg = Release|Any CPU
		{2738649E-385F-4FF3-9F6A-09780FCBD779}.Release|Any CPU.Build.0 = Release|Any CPU
	EndGlobalSection
	GlobalSection(SolutionProperties) = preSolution
		HideSolutionNode = FALSE
	EndGlobalSection
	GlobalSection(ExtensibilityGlobals) = postSolution
		SolutionGuid = {493A567E-706D-4762-9E40-52C5479A2106}
	EndGlobalSection
EndGlobal
